
Microsoft Visual Studio Solution File, Format Version 12.00
# Visual Studio Version 16
VisualStudioVersion = 16.0.31321.278
MinimumVisualStudioVersion = 10.0.40219.1
Project("{FAE04EC0-301F-11D3-BF4B-00C04F79EFBC}") = "WpfGetFilesDemo", "WpfGetFilesDemo\WpfGetFilesDemo.csproj", "{81BCC027-B4B5-42E2-93F8-77F379B82624}"
EndProject
Global
	GlobalSection(SolutionConfigurationPlatforms) = preSolution
		Debug|Any CPU = Debug|Any CPU
		Release|Any CPU = Release|Any CPU
	EndGlobalSection
	GlobalSection(ProjectConfigurationPlatforms) = postSolution
		{81BCC027-B4B5-42E2-93F8-77F379B82624}.Debug|Any CPU.ActiveCfg = Debug|Any CPU
		{81BCC027-B4B5-42E2-93F8-77F379B82624}.Debug|Any CPU.Build.0 = Debug|Any CPU
		{81BCC027-B4B5-42E2-93F8-77F379B82624}.Release|Any CPU.ActiveCfg = Release|Any CPU
		{81BCC027-B4B5-42E2-93F8-77F379B82624}.Release|Any CPU.Build.0 = Release|Any CPU
	EndGlobalSection
	GlobalSection(SolutionProperties) = preSolution
		HideSolutionNode = FALSE
	EndGlobalSection
	GlobalSection(ExtensibilityGlobals) = postSolution
		SolutionGuid = {8C03B338-57D2-4837-AC47-6C9D15F5062A}
	EndGlobalSection
EndGlobal
