
Microsoft Visual Studio Solution File, Format Version 12.00
# Visual Studio Version 16
VisualStudioVersion = 16.0.31321.278
MinimumVisualStudioVersion = 10.0.40219.1
Project("{FAE04EC0-301F-11D3-BF4B-00C04F79EFBC}") = "WpfCreateFileDemo", "WpfCreateFileDemo\WpfCreateFileDemo.csproj", "{CE9A0AAF-4565-4A77-88A5-B8F12C0AB968}"
EndProject
Global
	GlobalSection(SolutionConfigurationPlatforms) = preSolution
		Debug|Any CPU = Debug|Any CPU
		Release|Any CPU = Release|Any CPU
	EndGlobalSection
	GlobalSection(ProjectConfigurationPlatforms) = postSolution
		{CE9A0AAF-4565-4A77-88A5-B8F12C0AB968}.Debug|Any CPU.ActiveCfg = Debug|Any CPU
		{CE9A0AAF-4565-4A77-88A5-B8F12C0AB968}.Debug|Any CPU.Build.0 = Debug|Any CPU
		{CE9A0AAF-4565-4A77-88A5-B8F12C0AB968}.Release|Any CPU.ActiveCfg = Release|Any CPU
		{CE9A0AAF-4565-4A77-88A5-B8F12C0AB968}.Release|Any CPU.Build.0 = Release|Any CPU
	EndGlobalSection
	GlobalSection(SolutionProperties) = preSolution
		HideSolutionNode = FALSE
	EndGlobalSection
	GlobalSection(ExtensibilityGlobals) = postSolution
		SolutionGuid = {D04EC835-C2A9-4C68-A8D3-9F699C59555A}
	EndGlobalSection
EndGlobal
